{
  "name": "serverless-prdigital-good-practices",
  "version": "1.0.0",
  "lockfileVersion": 1,
  "requires": true,
  "dependencies": {
    "@dazn/lambda-powertools-correlation-ids": {
      "version": "1.28.1",
      "resolved": "https://registry.npmjs.org/@dazn/lambda-powertools-correlation-ids/-/lambda-powertools-correlation-ids-1.28.1.tgz",
      "integrity": "sha512-/RZUT5ZlVcQxsWi+OolEwXUIsXHqffNeZ+eY4Je23s9VcztuqHuHeyrlJh1m5Kg76EsvQTq+5b1xvjf3J/6A1Q=="
    },
    "@dazn/lambda-powertools-logger": {
      "version": "1.28.1",
      "resolved": "https://registry.npmjs.org/@dazn/lambda-powertools-logger/-/lambda-powertools-logger-1.28.1.tgz",
      "integrity": "sha512-vfnKgEwW/jv4PSkqRsEWPWLY5fkcjCnLrSZpca2Exh7pIUWZQN3FqLdpqs23caa+qtOCJ2JM8toa21uwSzYMLw==",
      "requires": {
        "@dazn/lambda-powertools-correlation-ids": "^1.28.1"
      }
    },
    "@dazn/lambda-powertools-middleware-correlation-ids": {
      "version": "1.29.0",
      "resolved": "https://registry.npmjs.org/@dazn/lambda-powertools-middleware-correlation-ids/-/lambda-powertools-middleware-correlation-ids-1.29.0.tgz",
      "integrity": "sha512-kXOOKzEMKz6nYHUQo2GUvTqnQeXo1U6/RI87xUjSeztcjHaDZ0Jw6plUepZD+YawjfsVIrHKfnZrlN909utttA==",
      "requires": {
        "@dazn/lambda-powertools-correlation-ids": "^1.28.1",
        "@dazn/lambda-powertools-logger": "^1.28.1"
      }
    },
    "@dazn/lambda-powertools-middleware-sample-logging": {
      "version": "1.29.0",
      "resolved": "https://registry.npmjs.org/@dazn/lambda-powertools-middleware-sample-logging/-/lambda-powertools-middleware-sample-logging-1.29.0.tgz",
      "integrity": "sha512-VHe3bSw0ch5Ql5tA3XvCta8db1Nr6NaSJ0Oj2oqQU+F15WJfqPD+reeKMgj3F1z8lJqXWAea3aD4nQT0PCTt6Q==",
      "requires": {
        "@dazn/lambda-powertools-correlation-ids": "^1.28.1",
        "@dazn/lambda-powertools-logger": "^1.28.1"
      }
    },
    "@middy/core": {
      "version": "2.5.7",
      "resolved": "https://registry.npmjs.org/@middy/core/-/core-2.5.7.tgz",
      "integrity": "sha512-KX5Ud0SP+pol6PGkYtMCH4goHobs1XJo3OvEUwdiZUIjZgo56Q08nLu5N7Bs6P+FwGTQHA+hlQ3I5SZbfpO/jg=="
    },
    "@middy/do-not-wait-for-empty-event-loop": {
      "version": "2.5.7",
      "resolved": "https://registry.npmjs.org/@middy/do-not-wait-for-empty-event-loop/-/do-not-wait-for-empty-event-loop-2.5.7.tgz",
      "integrity": "sha512-vpgkPfZtWSVfYBzhF5M6hqXQuSWElDUZMQIeLFSolpXHAz7yxbsC4eb5RBkBdcjnQ0hkzPpJoKY1xQPjo4PqKg=="
    },
    "@middy/error-logger": {
      "version": "2.5.7",
      "resolved": "https://registry.npmjs.org/@middy/error-logger/-/error-logger-2.5.7.tgz",
      "integrity": "sha512-5V29jeo0q6gbjjiFI3MFmkkZe5eeR7VmVXM2Sw7teH8SOwZPvD5N3YJBgHwqj5MnkNO4PdA6XqgEt0J89dle+g=="
    },
    "ansi-styles": {
      "version": "4.3.0",
      "resolved": "https://registry.npmjs.org/ansi-styles/-/ansi-styles-4.3.0.tgz",
      "integrity": "sha512-zbB9rCJAT1rbjiVDb2hqKFHNYLxgtk8NURxZ3IZwD3F6NtxbXZQCnnSi1Lkx+IDohdPlFp222wVALIheZJQSEg==",
      "requires": {
        "color-convert": "^2.0.1"
      }
    },
    "chalk": {
      "version": "4.1.2",
      "resolved": "https://registry.npmjs.org/chalk/-/chalk-4.1.2.tgz",
      "integrity": "sha512-oKnbhFyRIXpUuez8iBMmyEa4nbj4IOQyuhc/wy9kY7/WVPcwIO9VA668Pu8RkO7+0G76SLROeyw9CpQ061i4mA==",
      "requires": {
        "ansi-styles": "^4.1.0",
        "supports-color": "^7.1.0"
      }
    },
    "color-convert": {
      "version": "2.0.1",
      "resolved": "https://registry.npmjs.org/color-convert/-/color-convert-2.0.1.tgz",
      "integrity": "sha512-RRECPsj7iu/xb5oKYcsFHSppFNnsj/52OVTRKb4zP5onXwVF3zVmmToNcOfGC+CRDpfK/U584fMg38ZHCaElKQ==",
      "requires": {
        "color-name": "~1.1.4"
      }
    },
    "color-name": {
      "version": "1.1.4",
      "resolved": "https://registry.npmjs.org/color-name/-/color-name-1.1.4.tgz",
      "integrity": "sha512-dOy+3AuW3a2wNbZHIuMZpTcgjGuLU/uBL/ubcZF9OXbDo8ff4O8yVp5Bf0efS8uEoYo5q4Fx7dY9OgQGXgAsQA=="
    },
    "has-flag": {
      "version": "4.0.0",
      "resolved": "https://registry.npmjs.org/has-flag/-/has-flag-4.0.0.tgz",
      "integrity": "sha512-EykJT/Q1KjTWctppgIAgfSO0tKVuZUjhgMr17kqTumMl6Afv3EISleU7qZUzoXDFTAHTDC4NOoG/ZxU3EvlMPQ=="
    },
    "lodash": {
      "version": "4.17.21",
      "resolved": "https://registry.npmjs.org/lodash/-/lodash-4.17.21.tgz",
      "integrity": "sha512-v2kDEe57lecTulaDIuNTPy3Ry4gLGJ6Z1O3vE1krgXZNrsQ+LFTGHVxVjcXPs17LhbZVGedAJv8XZ1tvj5FvSg=="
    },
    "supports-color": {
      "version": "7.2.0",
      "resolved": "https://registry.npmjs.org/supports-color/-/supports-color-7.2.0.tgz",
      "integrity": "sha512-qpCAvRl9stuOHveKsn7HncJRvv501qIacKzQlO/+Lwxc9+0q2wLyv4Dfvt80/DPn2pqOBsJdDiogXGR9+OvwRw==",
      "requires": {
        "has-flag": "^4.0.0"
      }
    }
  }
}
